# THIS IS AN AUTOGENERATED FILE. DO NOT EDIT THIS FILE DIRECTLY.
# yarn lockfile v1


"@opentelemetry/api@^0.8.3":
  version "0.8.3"
  resolved "https://registry.yarnpkg.com/@opentelemetry/api/-/api-0.8.3.tgz#6048f17e5ab565d1325092c4eed2ee4c6d24aec0"
  integrity sha512-CRd8kKrMN1yisbw2zc2IiXM31zdS8mvQ4sivxPFgWS/eQEW9XuNxMVtSWv5k/tDcqbcLzUHcX6JW0SpVNA5h+g==
  dependencies:
    "@opentelemetry/context-base" "^0.8.3"

"@opentelemetry/context-async-hooks@^0.8.3":
  version "0.8.3"
  resolved "https://registry.yarnpkg.com/@opentelemetry/context-async-hooks/-/context-async-hooks-0.8.3.tgz#d4ddbde001488d427c7460fc31c9802557466b0d"
  integrity sha512-Nq+Wut8X0EK1LlNToWlvMCaiRk1wHhlHw4v6b6MUvYx7b/zBtkyurU2CadFOZEdYbxWA7vs53r1vAf1gvJfY7g==
  dependencies:
    "@opentelemetry/context-base" "^0.8.3"

"@opentelemetry/context-base@^0.8.3":
  version "0.8.3"
  resolved "https://registry.yarnpkg.com/@opentelemetry/context-base/-/context-base-0.8.3.tgz#ddaee3597ec62e8482a54e4fee157f004c7e44d1"
  integrity sha512-rnW85ubtTn2tA0Gg7MXLP2yEi4EplEXXDe7JKx8SwCyzXrk8htTwg0AVlRtsH0T5XyDCfvKq8Nh4eKqbwBA9iA==

"@opentelemetry/core@^0.8.3":
  version "0.8.3"
  resolved "https://registry.yarnpkg.com/@opentelemetry/core/-/core-0.8.3.tgz#cbedef0cc40af9e9a96204671be1b9de76aec2e6"
  integrity sha512-3MSnQlFWj6ikZU5QLtiZseL25HzCi0XpTvMMKMW8x/PlOsqBBD/52eN7JC4587R008ZUbx+7afB0yewBTseY0w==
  dependencies:
    "@opentelemetry/api" "^0.8.3"
    "@opentelemetry/context-base" "^0.8.3"
    semver "^7.1.3"

"@opentelemetry/exporter-jaeger@^0.8.3":
  version "0.8.3"
  resolved "https://registry.yarnpkg.com/@opentelemetry/exporter-jaeger/-/exporter-jaeger-0.8.3.tgz#eb740badabf1aedfe6825f2296938909343b9a9b"
  integrity sha512-MixdaZGzFBA3z6sBqUyqKS0EB7AHKgNuAyA4aARYPd5HD8UKfSL3dlIj2PjJILKPIZZWDeLAX+K3w+VyoLWsCQ==
  dependencies:
    "@opentelemetry/api" "^0.8.3"
    "@opentelemetry/core" "^0.8.3"
    "@opentelemetry/tracing" "^0.8.3"
    jaeger-client "^3.15.0"

"@opentelemetry/node@^0.8.3":
  version "0.8.3"
  resolved "https://registry.yarnpkg.com/@opentelemetry/node/-/node-0.8.3.tgz#2866bd4799716f42b880610f1f72492984bd1fc3"
  integrity sha512-B9ks4F+YH3/X8QM5qS9ngv9xFuWPPC94AJkeTvi1SHcktn0Iz86UXHXTs2FzoZlJK6JRFB5DbWnv28oluQKrsg==
  dependencies:
    "@opentelemetry/api" "^0.8.3"
    "@opentelemetry/context-async-hooks" "^0.8.3"
    "@opentelemetry/core" "^0.8.3"
    "@opentelemetry/tracing" "^0.8.3"
    require-in-the-middle "^5.0.0"
    semver "^7.1.3"

"@opentelemetry/resources@^0.8.3":
  version "0.8.3"
  resolved "https://registry.yarnpkg.com/@opentelemetry/resources/-/resources-0.8.3.tgz#d133682bf30b9fafa270e5ab8267e1e7559f607b"
  integrity sha512-CUdfCd1zz4n5HwZPZh9iLFDHTxLDQhoo6g01oDmRcP1uxdlCEtDJiLQ9MYcQYuxgYsIdDYWNLIOUmgjYCQh8vQ==
  dependencies:
    "@opentelemetry/api" "^0.8.3"
    "@opentelemetry/core" "^0.8.3"
    gcp-metadata "^3.5.0"

"@opentelemetry/tracing@^0.8.3":
  version "0.8.3"
  resolved "https://registry.yarnpkg.com/@opentelemetry/tracing/-/tracing-0.8.3.tgz#70c26ea3e99b70c60c247e300c5b8fd59bc20060"
  integrity sha512-u13gIaIvFYeFsDz3MGGYGsVFckMR9zWG3K1JlT+E+YRAa4Z97p4XxwEvyMBrywl3VHJpEheOJUBHFYfO4rJ00Q==
  dependencies:
    "@opentelemetry/api" "^0.8.3"
    "@opentelemetry/context-base" "^0.8.3"
    "@opentelemetry/core" "^0.8.3"
    "@opentelemetry/resources" "^0.8.3"

abort-controller@^3.0.0:
  version "3.0.0"
  resolved "https://registry.yarnpkg.com/abort-controller/-/abort-controller-3.0.0.tgz#eaf54d53b62bae4138e809ca225c8439a6efb392"
  integrity sha512-h8lQ8tacZYnR3vNQTgibj+tODHI5/+l06Au2Pcriv/Gmet0eaj4TwWH41sO9wnHDiQsEj19q0drzdWdeAHtweg==
  dependencies:
    event-target-shim "^5.0.0"

agent-base@6:
  version "6.0.0"
  resolved "https://registry.yarnpkg.com/agent-base/-/agent-base-6.0.0.tgz#5d0101f19bbfaed39980b22ae866de153b93f09a"
  integrity sha512-j1Q7cSCqN+AwrmDd+pzgqc0/NpC655x2bUf5ZjRIO77DcNBFmh+OgRNzF6OKdCC9RSCb19fGd99+bhXFdkRNqw==
  dependencies:
    debug "4"

ansi-color@^0.2.1:
  version "0.2.1"
  resolved "https://registry.yarnpkg.com/ansi-color/-/ansi-color-0.2.1.tgz#3e75c037475217544ed763a8db5709fa9ae5bf9a"
  integrity sha1-PnXAN0dSF1RO12Oo21cJ+prlv5o=

balanced-match@^1.0.0:
  version "1.0.0"
  resolved "https://registry.yarnpkg.com/balanced-match/-/balanced-match-1.0.0.tgz#89b4d199ab2bee49de164ea02b89ce462d71b767"
  integrity sha1-ibTRmasr7kneFk6gK4nORi1xt2c=

bignumber.js@^7.0.0:
  version "7.2.1"
  resolved "https://registry.yarnpkg.com/bignumber.js/-/bignumber.js-7.2.1.tgz#80c048759d826800807c4bfd521e50edbba57a5f"
  integrity sha512-S4XzBk5sMB+Rcb/LNcpzXr57VRTxgAvaAEDAl1AwRx27j00hT84O6OkteE7u8UB3NuaaygCRrEpqox4uDOrbdQ==

brace-expansion@^1.1.7:
  version "1.1.11"
  resolved "https://registry.yarnpkg.com/brace-expansion/-/brace-expansion-1.1.11.tgz#3c7fcbf529d87226f3d2f52b966ff5271eb441dd"
  integrity sha512-iCuPHDFgrHX7H2vEI/5xpz07zSHB00TpugqhmYtVmMO6518mCuRMoOYFldEBl0g187ufozdaHgWKcYFb61qGiA==
  dependencies:
    balanced-match "^1.0.0"
    concat-map "0.0.1"

bufrw@^1.3.0:
  version "1.3.0"
  resolved "https://registry.yarnpkg.com/bufrw/-/bufrw-1.3.0.tgz#28d6cfdaf34300376836310f5c31d57eeb40c8fa"
  integrity sha512-jzQnSbdJqhIltU9O5KUiTtljP9ccw2u5ix59McQy4pV2xGhVLhRZIndY8GIrgh5HjXa6+QJ9AQhOd2QWQizJFQ==
  dependencies:
    ansi-color "^0.2.1"
    error "^7.0.0"
    hexer "^1.5.0"
    xtend "^4.0.0"

bunyan@^1.8.12:
  version "1.8.12"
  resolved "https://registry.yarnpkg.com/bunyan/-/bunyan-1.8.12.tgz#f150f0f6748abdd72aeae84f04403be2ef113797"
  integrity sha1-8VDw9nSKvdcq6uhPBEA74u8RN5c=
  optionalDependencies:
    dtrace-provider "~0.8"
    moment "^2.10.6"
    mv "~2"
    safe-json-stringify "~1"

concat-map@0.0.1:
  version "0.0.1"
  resolved "https://registry.yarnpkg.com/concat-map/-/concat-map-0.0.1.tgz#d8a96bd77fd68df7793a73036a3ba0d5405d477b"
  integrity sha1-2Klr13/Wjfd5OnMDajug1UBdR3s=

debug@4, debug@^4.1.1:
  version "4.1.1"
  resolved "https://registry.yarnpkg.com/debug/-/debug-4.1.1.tgz#3b72260255109c6b589cee050f1d516139664791"
  integrity sha512-pYAIzeRo8J6KPEaJ0VWOh5Pzkbw/RetuzehGM7QRRX5he4fPHx2rdKMB256ehJCkX+XRQm16eZLqLNS8RSZXZw==
  dependencies:
    ms "^2.1.1"

dtrace-provider@~0.8:
  version "0.8.8"
  resolved "https://registry.yarnpkg.com/dtrace-provider/-/dtrace-provider-0.8.8.tgz#2996d5490c37e1347be263b423ed7b297fb0d97e"
  integrity sha512-b7Z7cNtHPhH9EJhNNbbeqTcXB8LGFFZhq1PGgEvpeHlzd36bhbdTWoE/Ba/YguqpBSlAPKnARWhVlhunCMwfxg==
  dependencies:
    nan "^2.14.0"

error@7.0.2:
  version "7.0.2"
  resolved "https://registry.yarnpkg.com/error/-/error-7.0.2.tgz#a5f75fff4d9926126ddac0ea5dc38e689153cb02"
  integrity sha1-pfdf/02ZJhJt2sDqXcOOaJFTywI=
  dependencies:
    string-template "~0.2.1"
    xtend "~4.0.0"

error@^7.0.0:
  version "7.2.1"
  resolved "https://registry.yarnpkg.com/error/-/error-7.2.1.tgz#eab21a4689b5f684fc83da84a0e390de82d94894"
  integrity sha512-fo9HBvWnx3NGUKMvMwB/CBCMMrfEJgbDTVDEkPygA3Bdd3lM1OyCd+rbQ8BwnpF6GdVeOLDNmyL4N5Bg80ZvdA==
  dependencies:
    string-template "~0.2.1"

event-target-shim@^5.0.0:
  version "5.0.1"
  resolved "https://registry.yarnpkg.com/event-target-shim/-/event-target-shim-5.0.1.tgz#5d4d3ebdf9583d63a5333ce2deb7480ab2b05789"
  integrity sha512-i/2XbnSz/uxRCU6+NdVJgKWDTM427+MqYbkQzD321DuCQJUqOuJKIA0IM2+W2xtYHdKOmZ4dR6fExsd4SXL+WQ==

extend@^3.0.2:
  version "3.0.2"
  resolved "https://registry.yarnpkg.com/extend/-/extend-3.0.2.tgz#f8b1136b4071fbd8eb140aff858b1019ec2915fa"
  integrity sha512-fjquC59cD7CyW6urNXK0FBufkZcoiGG80wTuPujX590cB5Ttln20E2UB4S/WARVqhXffZl2LNgS+gQdPIIim/g==

gaxios@^2.1.0:
  version "2.3.4"
  resolved "https://registry.yarnpkg.com/gaxios/-/gaxios-2.3.4.tgz#eea99353f341c270c5f3c29fc46b8ead56f0a173"
  integrity sha512-US8UMj8C5pRnao3Zykc4AAVr+cffoNKRTg9Rsf2GiuZCW69vgJj38VK2PzlPuQU73FZ/nTk9/Av6/JGcE1N9vA==
  dependencies:
    abort-controller "^3.0.0"
    extend "^3.0.2"
    https-proxy-agent "^5.0.0"
    is-stream "^2.0.0"
    node-fetch "^2.3.0"

gcp-metadata@^3.5.0:
  version "3.5.0"
  resolved "https://registry.yarnpkg.com/gcp-metadata/-/gcp-metadata-3.5.0.tgz#6d28343f65a6bbf8449886a0c0e4a71c77577055"
  integrity sha512-ZQf+DLZ5aKcRpLzYUyBS3yo3N0JSa82lNDO8rj3nMSlovLcz2riKFBsYgDzeXcv75oo5eqB2lx+B14UvPoCRnA==
  dependencies:
    gaxios "^2.1.0"
    json-bigint "^0.3.0"

glob@^6.0.1:
  version "6.0.4"
  resolved "https://registry.yarnpkg.com/glob/-/glob-6.0.4.tgz#0f08860f6a155127b2fadd4f9ce24b1aab6e4d22"
  integrity sha1-DwiGD2oVUSey+t1PnOJLGqtuTSI=
  dependencies:
    inflight "^1.0.4"
    inherits "2"
    minimatch "2 || 3"
    once "^1.3.0"
    path-is-absolute "^1.0.0"

hexer@^1.5.0:
  version "1.5.0"
  resolved "https://registry.yarnpkg.com/hexer/-/hexer-1.5.0.tgz#b86ce808598e8a9d1892c571f3cedd86fc9f0653"
  integrity sha1-uGzoCFmOip0YksVx887dhvyfBlM=
  dependencies:
    ansi-color "^0.2.1"
    minimist "^1.1.0"
    process "^0.10.0"
    xtend "^4.0.0"

https-proxy-agent@^5.0.0:
  version "5.0.0"
  resolved "https://registry.yarnpkg.com/https-proxy-agent/-/https-proxy-agent-5.0.0.tgz#e2a90542abb68a762e0a0850f6c9edadfd8506b2"
  integrity sha512-EkYm5BcKUGiduxzSt3Eppko+PiNWNEpa4ySk9vTC6wDsQJW9rHSa+UhGNJoRYp7bz6Ht1eaRIa6QaJqO5rCFbA==
  dependencies:
    agent-base "6"
    debug "4"

inflight@^1.0.4:
  version "1.0.6"
  resolved "https://registry.yarnpkg.com/inflight/-/inflight-1.0.6.tgz#49bd6331d7d02d0c09bc910a1075ba8165b56df9"
  integrity sha1-Sb1jMdfQLQwJvJEKEHW6gWW1bfk=
  dependencies:
    once "^1.3.0"
    wrappy "1"

inherits@2:
  version "2.0.4"
  resolved "https://registry.yarnpkg.com/inherits/-/inherits-2.0.4.tgz#0fa2c64f932917c3433a0ded55363aae37416b7c"
  integrity sha512-k/vGaX4/Yla3WzyMCvTQOXYeIHvqOKtnqBduzTHpzpQZzAskKMhZ2K+EnBiSM9zGSoIFeMpXKxa4dYeZIQqewQ==

is-stream@^2.0.0:
  version "2.0.0"
  resolved "https://registry.yarnpkg.com/is-stream/-/is-stream-2.0.0.tgz#bde9c32680d6fae04129d6ac9d921ce7815f78e3"
  integrity sha512-XCoy+WlUr7d1+Z8GgSuXmpuUFC9fOhRXglJMx+dwLKTkL44Cjd4W1Z5P+BQZpr+cR93aGP4S/s7Ftw6Nd/kiEw==

jaeger-client@^3.15.0:
  version "3.18.0"
  resolved "https://registry.yarnpkg.com/jaeger-client/-/jaeger-client-3.18.0.tgz#95c9183e06a9b14b957bce33b5e2ddaecb2ed51f"
  integrity sha512-xZ9WvZDWLkZFq7SObpLwu1asMCKCgBRNcDxxGSvK+ZQ7OZyJC5xPlU+rJa4+s/P6autPBVwHpqMGbOERFxWuuA==
  dependencies:
    node-int64 "^0.4.0"
    opentracing "^0.14.4"
    thriftrw "^3.5.0"
    uuid "^3.2.1"
    xorshift "^0.2.0"

json-bigint@^0.3.0:
  version "0.3.0"
  resolved "https://registry.yarnpkg.com/json-bigint/-/json-bigint-0.3.0.tgz#0ccd912c4b8270d05f056fbd13814b53d3825b1e"
  integrity sha1-DM2RLEuCcNBfBW+9E4FLU9OCWx4=
  dependencies:
    bignumber.js "^7.0.0"

long@^2.4.0:
  version "2.4.0"
  resolved "https://registry.yarnpkg.com/long/-/long-2.4.0.tgz#9fa180bb1d9500cdc29c4156766a1995e1f4524f"
  integrity sha1-n6GAux2VAM3CnEFWdmoZleH0Uk8=

"minimatch@2 || 3":
  version "3.0.4"
  resolved "https://registry.yarnpkg.com/minimatch/-/minimatch-3.0.4.tgz#5166e286457f03306064be5497e8dbb0c3d32083"
  integrity sha512-yJHVQEhyqPLUTgt9B83PXu6W3rx4MvvHvSUvToogpwoGDOUQ+yDrR0HRot+yOCdCO7u4hX3pWft6kWBBcqh0UA==
  dependencies:
    brace-expansion "^1.1.7"

minimist@^1.1.0, minimist@^1.2.5:
  version "1.2.5"
  resolved "https://registry.yarnpkg.com/minimist/-/minimist-1.2.5.tgz#67d66014b66a6a8aaa0c083c5fd58df4e4e97602"
  integrity sha512-FM9nNUYrRBAELZQT3xeZQ7fmMOBg6nWNmJKTcgsJeaLstP/UODVpGsr5OhXhhXg6f+qtJ8uiZ+PUxkDWcgIXLw==

mkdirp@~0.5.1:
  version "0.5.5"
  resolved "https://registry.yarnpkg.com/mkdirp/-/mkdirp-0.5.5.tgz#d91cefd62d1436ca0f41620e251288d420099def"
  integrity sha512-NKmAlESf6jMGym1++R0Ra7wvhV+wFW63FaSOFPwRahvea0gMUcGUhVeAg/0BC0wiv9ih5NYPB1Wn1UEI1/L+xQ==
  dependencies:
    minimist "^1.2.5"

module-details-from-path@^1.0.3:
  version "1.0.3"
  resolved "https://registry.yarnpkg.com/module-details-from-path/-/module-details-from-path-1.0.3.tgz#114c949673e2a8a35e9d35788527aa37b679da2b"
  integrity sha1-EUyUlnPiqKNenTV4hSeqN7Z52is=

moment@^2.10.6:
  version "2.29.4"
  resolved "https://registry.yarnpkg.com/moment/-/moment-2.29.4.tgz#3dbe052889fe7c1b2ed966fcb3a77328964ef108"
  integrity sha512-5LC9SOxjSc2HF6vO2CyuTDNivEdoz2IvyJJGj6X8DJ0eFyfszE0QiEd+iXmBvUP3WHxSjFH/vIsA0EN00cgr8w==

ms@^2.1.1:
  version "2.1.2"
  resolved "https://registry.yarnpkg.com/ms/-/ms-2.1.2.tgz#d09d1f357b443f493382a8eb3ccd183872ae6009"
  integrity sha512-sGkPx+VjMtmA6MX27oA4FBFELFCZZ4S4XqeGOXCv68tT+jb3vk/RyaKWP0PTKyWtmLSM0b+adUTEvbs1PEaH2w==

mv@~2:
  version "2.1.1"
  resolved "https://registry.yarnpkg.com/mv/-/mv-2.1.1.tgz#ae6ce0d6f6d5e0a4f7d893798d03c1ea9559b6a2"
  integrity sha1-rmzg1vbV4KT32JN5jQPB6pVZtqI=
  dependencies:
    mkdirp "~0.5.1"
    ncp "~2.0.0"
    rimraf "~2.4.0"

nan@^2.14.0:
  version "2.14.1"
  resolved "https://registry.yarnpkg.com/nan/-/nan-2.14.1.tgz#d7be34dfa3105b91494c3147089315eff8874b01"
  integrity sha512-isWHgVjnFjh2x2yuJ/tj3JbwoHu3UC2dX5G/88Cm24yB6YopVgxvBObDY7n5xW6ExmFhJpSEQqFPvq9zaXc8Jw==

ncp@~2.0.0:
  version "2.0.0"
  resolved "https://registry.yarnpkg.com/ncp/-/ncp-2.0.0.tgz#195a21d6c46e361d2fb1281ba38b91e9df7bdbb3"
  integrity sha1-GVoh1sRuNh0vsSgbo4uR6d9727M=

node-fetch@^2.3.0:
  version "2.6.0"
  resolved "https://registry.yarnpkg.com/node-fetch/-/node-fetch-2.6.0.tgz#e633456386d4aa55863f676a7ab0daa8fdecb0fd"
  integrity sha512-8dG4H5ujfvFiqDmVu9fQ5bOHUC15JMjMY/Zumv26oOvvVJjM67KF8koCWIabKQ1GJIa9r2mMZscBq/TbdOcmNA==

node-int64@^0.4.0:
  version "0.4.0"
  resolved "https://registry.yarnpkg.com/node-int64/-/node-int64-0.4.0.tgz#87a9065cdb355d3182d8f94ce11188b825c68a3b"
  integrity sha1-h6kGXNs1XTGC2PlM4RGIuCXGijs=

once@^1.3.0:
  version "1.4.0"
  resolved "https://registry.yarnpkg.com/once/-/once-1.4.0.tgz#583b1aa775961d4b113ac17d9c50baef9dd76bd1"
  integrity sha1-WDsap3WWHUsROsF9nFC6753Xa9E=
  dependencies:
    wrappy "1"

opentracing@^0.14.4:
  version "0.14.4"
  resolved "https://registry.yarnpkg.com/opentracing/-/opentracing-0.14.4.tgz#a113408ea740da3a90fde5b3b0011a375c2e4268"
  integrity sha512-nNnZDkUNExBwEpb7LZaeMeQgvrlO8l4bgY/LvGNZCR0xG/dGWqHqjKrAmR5GUoYo0FIz38kxasvA1aevxWs2CA==

path-is-absolute@^1.0.0:
  version "1.0.1"
  resolved "https://registry.yarnpkg.com/path-is-absolute/-/path-is-absolute-1.0.1.tgz#174b9268735534ffbc7ace6bf53a5a9e1b5c5f5f"
  integrity sha1-F0uSaHNVNP+8es5r9TpanhtcX18=

path-parse@^1.0.6:
  version "1.0.6"
  resolved "https://registry.yarnpkg.com/path-parse/-/path-parse-1.0.6.tgz#d62dbb5679405d72c4737ec58600e9ddcf06d24c"
  integrity sha512-GSmOT2EbHrINBf9SR7CDELwlJ8AENk3Qn7OikK4nFYAu3Ote2+JYNVvkpAEQm3/TLNEJFD/xZJjzyxg3KBWOzw==

process@^0.10.0:
  version "0.10.1"
  resolved "https://registry.yarnpkg.com/process/-/process-0.10.1.tgz#842457cc51cfed72dc775afeeafb8c6034372725"
  integrity sha1-hCRXzFHP7XLcd1r+6vuMYDQ3JyU=

require-in-the-middle@^5.0.0:
  version "5.0.3"
  resolved "https://registry.yarnpkg.com/require-in-the-middle/-/require-in-the-middle-5.0.3.tgz#ef8bfd771760db573bc86d1341d8ae411a04c600"
  integrity sha512-p/ICV8uMlqC4tjOYabLMxAWCIKa0YUQgZZ6KDM0xgXJNgdGQ1WmL2A07TwmrZw+wi6ITUFKzH5v3n+ENEyXVkA==
  dependencies:
    debug "^4.1.1"
    module-details-from-path "^1.0.3"
    resolve "^1.12.0"

resolve@^1.12.0:
  version "1.17.0"
  resolved "https://registry.yarnpkg.com/resolve/-/resolve-1.17.0.tgz#b25941b54968231cc2d1bb76a79cb7f2c0bf8444"
  integrity sha512-ic+7JYiV8Vi2yzQGFWOkiZD5Z9z7O2Zhm9XMaTxdJExKasieFCr+yXZ/WmXsckHiKl12ar0y6XiXDx3m4RHn1w==
  dependencies:
    path-parse "^1.0.6"

rimraf@~2.4.0:
  version "2.4.5"
  resolved "https://registry.yarnpkg.com/rimraf/-/rimraf-2.4.5.tgz#ee710ce5d93a8fdb856fb5ea8ff0e2d75934b2da"
  integrity sha1-7nEM5dk6j9uFb7Xqj/Di11k0sto=
  dependencies:
    glob "^6.0.1"

safe-json-stringify@~1:
  version "1.2.0"
  resolved "https://registry.yarnpkg.com/safe-json-stringify/-/safe-json-stringify-1.2.0.tgz#356e44bc98f1f93ce45df14bcd7c01cda86e0afd"
  integrity sha512-gH8eh2nZudPQO6TytOvbxnuhYBOvDBBLW52tz5q6X58lJcd/tkmqFR+5Z9adS8aJtURSXWThWy/xJtJwixErvg==

semver@^7.1.3:
  version "7.3.2"
  resolved "https://registry.yarnpkg.com/semver/-/semver-7.3.2.tgz#604962b052b81ed0786aae84389ffba70ffd3938"
  integrity sha512-OrOb32TeeambH6UrhtShmF7CRDqhL6/5XpPNp2DuRH6+9QLw/orhp72j87v8Qa1ScDkvrrBNpZcDejAirJmfXQ==

string-template@~0.2.1:
  version "0.2.1"
  resolved "https://registry.yarnpkg.com/string-template/-/string-template-0.2.1.tgz#42932e598a352d01fc22ec3367d9d84eec6c9add"
  integrity sha1-QpMuWYo1LQH8IuwzZ9nYTuxsmt0=

thriftrw@^3.5.0:
  version "3.12.0"
  resolved "https://registry.yarnpkg.com/thriftrw/-/thriftrw-3.12.0.tgz#30857847755e7f036b2e0a79d11c9f55075539d9"
  integrity sha512-4YZvR4DPEI41n4Opwr4jmrLGG4hndxr7387kzRFIIzxHQjarPusH4lGXrugvgb7TtPrfZVTpZCVe44/xUxowEw==
  dependencies:
    bufrw "^1.3.0"
    error "7.0.2"
    long "^2.4.0"

uuid@^3.2.1:
  version "3.4.0"
  resolved "https://registry.yarnpkg.com/uuid/-/uuid-3.4.0.tgz#b23e4358afa8a202fe7a100af1f5f883f02007ee"
  integrity sha512-HjSDRw6gZE5JMggctHBcjVak08+KEVhSIiDzFnT9S9aegmp85S/bReBVTb4QTFaRNptJ9kuYaNhnbNEOkbKb/A==

wrappy@1:
  version "1.0.2"
  resolved "https://registry.yarnpkg.com/wrappy/-/wrappy-1.0.2.tgz#b5243d8f3ec1aa35f1364605bc0d1036e30ab69f"
  integrity sha1-tSQ9jz7BqjXxNkYFvA0QNuMKtp8=

xorshift@^0.2.0:
  version "0.2.1"
  resolved "https://registry.yarnpkg.com/xorshift/-/xorshift-0.2.1.tgz#fcd82267e9351c13f0fb9c73307f25331d29c63a"
  integrity sha1-/NgiZ+k1HBPw+5xzMH8lMx0pxjo=

xtend@^4.0.0, xtend@~4.0.0:
  version "4.0.2"
  resolved "https://registry.yarnpkg.com/xtend/-/xtend-4.0.2.tgz#bb72779f5fa465186b1f438f674fa347fdb5db54"
  integrity sha512-LKYU1iAXJXUgAXn9URjiu+MWhyUXHsvfp7mcuYm9dSUKK0/CjtrUwFAxD82/mCWbtLsGjFIad0wIsod4zrTAEQ==
